
Microsoft Visual Studio Solution File, Format Version 12.00
# Visual Studio 14
VisualStudioVersion = 14.0.25420.1
MinimumVisualStudioVersion = 10.0.40219.1
Project("{FAE04EC0-301F-11D3-BF4B-00C04F79EFBC}") = "Herzog.Factory", "Herzog.DatabaseFactory\Herzog.Factory.csproj", "{1938C8E1-EFBF-46B3-9BFD-7C2EA68E3154}"
EndProject
Project("{FAE04EC0-301F-11D3-BF4B-00C04F79EFBC}") = "Herzog.Model", "Herzog.Model\Herzog.Model.csproj", "{B8E1C4C3-588D-447F-A481-69AA7CFFFE39}"
EndProject
Project("{2150E333-8FDC-42A3-9474-1A3956D46DE8}") = "Herzog.DataAccess", "Herzog.DataAccess", "{F3127125-D1B2-437B-9B8E-CA85F16581D0}"
EndProject
Project("{FAE04EC0-301F-11D3-BF4B-00C04F79EFBC}") = "Herzog.SqlServerDB", "Herzog.SqlServerDB\Herzog.SqlServerDB.csproj", "{5F6BCB3D-E1A1-41A1-AF8F-2E7A6636EAE6}"
EndProject
Project("{2150E333-8FDC-42A3-9474-1A3956D46DE8}") = "Herzog.Dapper", "Herzog.Dapper", "{90ED64F9-9D8F-4715-BA25-FD777C7E21C6}"
EndProject
Project("{FAE04EC0-301F-11D3-BF4B-00C04F79EFBC}") = "Herzog.Dapper.Contrib", "Herzog.Dapper.Contrib\Herzog.Dapper.Contrib.csproj", "{5CBB4394-DD4D-4AA5-8181-FAEBB0E779EB}"
EndProject
Project("{FAE04EC0-301F-11D3-BF4B-00C04F79EFBC}") = "Herzog.Dapper", "Herzog.Dapper\Herzog.Dapper.csproj", "{0F7BC344-27CE-41D0-A862-44F4F3249B59}"
EndProject
Project("{FAE04EC0-301F-11D3-BF4B-00C04F79EFBC}") = "Herzog.TestConsole", "Herzog.TestConsole\Herzog.TestConsole.csproj", "{7C66F469-FF66-405C-B6FA-622AC223DDA1}"
EndProject
Project("{FAE04EC0-301F-11D3-BF4B-00C04F79EFBC}") = "Herzog.Business", "Herzog.Business\Herzog.Business.csproj", "{37CFC378-1B05-434E-B74D-98E5FF341D99}"
EndProject
Project("{FAE04EC0-301F-11D3-BF4B-00C04F79EFBC}") = "Herzog.Web", "Herzog.Web\Herzog.Web.csproj", "{DC03B192-05B7-4F01-8443-2E90AB2AD0BD}"
EndProject
Project("{FAE04EC0-301F-11D3-BF4B-00C04F79EFBC}") = "Herzog.MySqlDB", "Herzog.MySqlDB\Herzog.MySqlDB.csproj", "{93458024-6EC0-4384-8F25-1F0D4FB97D86}"
EndProject
Project("{FAE04EC0-301F-11D3-BF4B-00C04F79EFBC}") = "Herzog.OracleDB", "Herzog.OracleDB\Herzog.OracleDB.csproj", "{D34641F4-F241-4D1B-90B5-F553B27FA4B8}"
EndProject
Project("{FAE04EC0-301F-11D3-BF4B-00C04F79EFBC}") = "Herzog.Interface", "Herzog.Interface\Herzog.Interface.csproj", "{DBCCCDC4-4EA1-4CD3-9606-04F0C5132E76}"
EndProject
Project("{2150E333-8FDC-42A3-9474-1A3956D46DE8}") = "Herzog.Data", "Herzog.Data", "{4964B79A-4635-4AD9-852E-6B7FCE9C9CE5}"
EndProject
Global
	GlobalSection(SolutionConfigurationPlatforms) = preSolution
		Debug|Any CPU = Debug|Any CPU
		Release|Any CPU = Release|Any CPU
	EndGlobalSection
	GlobalSection(ProjectConfigurationPlatforms) = postSolution
		{1938C8E1-EFBF-46B3-9BFD-7C2EA68E3154}.Debug|Any CPU.ActiveCfg = Debug|Any CPU
		{1938C8E1-EFBF-46B3-9BFD-7C2EA68E3154}.Debug|Any CPU.Build.0 = Debug|Any CPU
		{1938C8E1-EFBF-46B3-9BFD-7C2EA68E3154}.Release|Any CPU.ActiveCfg = Release|Any CPU
		{1938C8E1-EFBF-46B3-9BFD-7C2EA68E3154}.Release|Any CPU.Build.0 = Release|Any CPU
		{B8E1C4C3-588D-447F-A481-69AA7CFFFE39}.Debug|Any CPU.ActiveCfg = Debug|Any CPU
		{B8E1C4C3-588D-447F-A481-69AA7CFFFE39}.Debug|Any CPU.Build.0 = Debug|Any CPU
		{B8E1C4C3-588D-447F-A481-69AA7CFFFE39}.Release|Any CPU.ActiveCfg = Release|Any CPU
		{B8E1C4C3-588D-447F-A481-69AA7CFFFE39}.Release|Any CPU.Build.0 = Release|Any CPU
		{5F6BCB3D-E1A1-41A1-AF8F-2E7A6636EAE6}.Debug|Any CPU.ActiveCfg = Debug|Any CPU
		{5F6BCB3D-E1A1-41A1-AF8F-2E7A6636EAE6}.Debug|Any CPU.Build.0 = Debug|Any CPU
		{5F6BCB3D-E1A1-41A1-AF8F-2E7A6636EAE6}.Release|Any CPU.ActiveCfg = Release|Any CPU
		{5F6BCB3D-E1A1-41A1-AF8F-2E7A6636EAE6}.Release|Any CPU.Build.0 = Release|Any CPU
		{5CBB4394-DD4D-4AA5-8181-FAEBB0E779EB}.Debug|Any CPU.ActiveCfg = Debug|Any CPU
		{5CBB4394-DD4D-4AA5-8181-FAEBB0E779EB}.Debug|Any CPU.Build.0 = Debug|Any CPU
		{5CBB4394-DD4D-4AA5-8181-FAEBB0E779EB}.Release|Any CPU.ActiveCfg = Release|Any CPU
		{5CBB4394-DD4D-4AA5-8181-FAEBB0E779EB}.Release|Any CPU.Build.0 = Release|Any CPU
		{0F7BC344-27CE-41D0-A862-44F4F3249B59}.Debug|Any CPU.ActiveCfg = Debug|Any CPU
		{0F7BC344-27CE-41D0-A862-44F4F3249B59}.Debug|Any CPU.Build.0 = Debug|Any CPU
		{0F7BC344-27CE-41D0-A862-44F4F3249B59}.Release|Any CPU.ActiveCfg = Release|Any CPU
		{0F7BC344-27CE-41D0-A862-44F4F3249B59}.Release|Any CPU.Build.0 = Release|Any CPU
		{7C66F469-FF66-405C-B6FA-622AC223DDA1}.Debug|Any CPU.ActiveCfg = Debug|Any CPU
		{7C66F469-FF66-405C-B6FA-622AC223DDA1}.Debug|Any CPU.Build.0 = Debug|Any CPU
		{7C66F469-FF66-405C-B6FA-622AC223DDA1}.Release|Any CPU.ActiveCfg = Release|Any CPU
		{7C66F469-FF66-405C-B6FA-622AC223DDA1}.Release|Any CPU.Build.0 = Release|Any CPU
		{37CFC378-1B05-434E-B74D-98E5FF341D99}.Debug|Any CPU.ActiveCfg = Debug|Any CPU
		{37CFC378-1B05-434E-B74D-98E5FF341D99}.Debug|Any CPU.Build.0 = Debug|Any CPU
		{37CFC378-1B05-434E-B74D-98E5FF341D99}.Release|Any CPU.ActiveCfg = Release|Any CPU
		{37CFC378-1B05-434E-B74D-98E5FF341D99}.Release|Any CPU.Build.0 = Release|Any CPU
		{DC03B192-05B7-4F01-8443-2E90AB2AD0BD}.Debug|Any CPU.ActiveCfg = Debug|Any CPU
		{DC03B192-05B7-4F01-8443-2E90AB2AD0BD}.Debug|Any CPU.Build.0 = Debug|Any CPU
		{DC03B192-05B7-4F01-8443-2E90AB2AD0BD}.Release|Any CPU.ActiveCfg = Release|Any CPU
		{DC03B192-05B7-4F01-8443-2E90AB2AD0BD}.Release|Any CPU.Build.0 = Release|Any CPU
		{93458024-6EC0-4384-8F25-1F0D4FB97D86}.Debug|Any CPU.ActiveCfg = Debug|Any CPU
		{93458024-6EC0-4384-8F25-1F0D4FB97D86}.Debug|Any CPU.Build.0 = Debug|Any CPU
		{93458024-6EC0-4384-8F25-1F0D4FB97D86}.Release|Any CPU.ActiveCfg = Release|Any CPU
		{93458024-6EC0-4384-8F25-1F0D4FB97D86}.Release|Any CPU.Build.0 = Release|Any CPU
		{D34641F4-F241-4D1B-90B5-F553B27FA4B8}.Debug|Any CPU.ActiveCfg = Debug|Any CPU
		{D34641F4-F241-4D1B-90B5-F553B27FA4B8}.Debug|Any CPU.Build.0 = Debug|Any CPU
		{D34641F4-F241-4D1B-90B5-F553B27FA4B8}.Release|Any CPU.ActiveCfg = Release|Any CPU
		{D34641F4-F241-4D1B-90B5-F553B27FA4B8}.Release|Any CPU.Build.0 = Release|Any CPU
		{DBCCCDC4-4EA1-4CD3-9606-04F0C5132E76}.Debug|Any CPU.ActiveCfg = Debug|Any CPU
		{DBCCCDC4-4EA1-4CD3-9606-04F0C5132E76}.Debug|Any CPU.Build.0 = Debug|Any CPU
		{DBCCCDC4-4EA1-4CD3-9606-04F0C5132E76}.Release|Any CPU.ActiveCfg = Release|Any CPU
		{DBCCCDC4-4EA1-4CD3-9606-04F0C5132E76}.Release|Any CPU.Build.0 = Release|Any CPU
	EndGlobalSection
	GlobalSection(SolutionProperties) = preSolution
		HideSolutionNode = FALSE
	EndGlobalSection
	GlobalSection(NestedProjects) = preSolution
		{1938C8E1-EFBF-46B3-9BFD-7C2EA68E3154} = {F3127125-D1B2-437B-9B8E-CA85F16581D0}
		{B8E1C4C3-588D-447F-A481-69AA7CFFFE39} = {F3127125-D1B2-437B-9B8E-CA85F16581D0}
		{F3127125-D1B2-437B-9B8E-CA85F16581D0} = {4964B79A-4635-4AD9-852E-6B7FCE9C9CE5}
		{5F6BCB3D-E1A1-41A1-AF8F-2E7A6636EAE6} = {F3127125-D1B2-437B-9B8E-CA85F16581D0}
		{90ED64F9-9D8F-4715-BA25-FD777C7E21C6} = {4964B79A-4635-4AD9-852E-6B7FCE9C9CE5}
		{5CBB4394-DD4D-4AA5-8181-FAEBB0E779EB} = {90ED64F9-9D8F-4715-BA25-FD777C7E21C6}
		{0F7BC344-27CE-41D0-A862-44F4F3249B59} = {90ED64F9-9D8F-4715-BA25-FD777C7E21C6}
		{93458024-6EC0-4384-8F25-1F0D4FB97D86} = {F3127125-D1B2-437B-9B8E-CA85F16581D0}
		{D34641F4-F241-4D1B-90B5-F553B27FA4B8} = {F3127125-D1B2-437B-9B8E-CA85F16581D0}
		{DBCCCDC4-4EA1-4CD3-9606-04F0C5132E76} = {F3127125-D1B2-437B-9B8E-CA85F16581D0}
	EndGlobalSection
EndGlobal
